
Microsoft Visual Studio Solution File, Format Version 10.00
# Visual Studio 2008
Project("{FAE04EC0-301F-11D3-BF4B-00C04F79EFBC}") = "VADG", "VADG\VADG.csproj", "{D43ED274-182A-4F05-957D-5129D4F5E2FA}"
EndProject
Project("{FAE04EC0-301F-11D3-BF4B-00C04F79EFBC}") = "VADG.DataStructure", "VADG.DataStructure\VADG.DataStructure.csproj", "{20DBC186-2A04-4D86-803A-AC7C35DB0B28}"
EndProject
Project("{FAE04EC0-301F-11D3-BF4B-00C04F79EFBC}") = "VADG.DataStructureTest", "VADG.DataStructureTest\VADG.DataStructureTest.csproj", "{296DB98E-5295-4DDB-BA38-9D9A501C9D41}"
EndProject
Project("{FAE04EC0-301F-11D3-BF4B-00C04F79EFBC}") = "VADG.Drawer", "VADG.Drawer\VADG.Drawer.csproj", "{D12D35D9-85C1-4590-A259-50B3D427EEEB}"
EndProject
Project("{FAE04EC0-301F-11D3-BF4B-00C04F79EFBC}") = "VADG.DrawerTest", "VADG.DrawerTest\VADG.DrawerTest.csproj", "{DE3997DF-7339-4533-939D-6E4375A2BA6A}"
EndProject
Project("{FAE04EC0-301F-11D3-BF4B-00C04F79EFBC}") = "VADG.Controller", "VADG.Controller\VADG.Controller.csproj", "{1AFFC834-7587-46B6-A95E-2C5678A0DDF8}"
EndProject
Project("{FAE04EC0-301F-11D3-BF4B-00C04F79EFBC}") = "VADG.Parser", "VADG.Parser\VADG.Parser.csproj", "{79BA3DC5-298D-487E-A2BC-704177366AC8}"
EndProject
Project("{FAE04EC0-301F-11D3-BF4B-00C04F79EFBC}") = "VADG.Model", "VADG.Model\VADG.Model.csproj", "{4B2A5E71-7B34-41A5-A4CB-F295D042EB5E}"
EndProject
Project("{FAE04EC0-301F-11D3-BF4B-00C04F79EFBC}") = "VADG.ParserTest", "VADG.ParserTest\VADG.ParserTest.csproj", "{C06432C4-63F4-4AF7-B684-3EBA53DACDDF}"
EndProject
Project("{FAE04EC0-301F-11D3-BF4B-00C04F79EFBC}") = "VADG.Alpha", "VADG.Alpha\VADG.Alpha.csproj", "{4538B4EA-68DB-4E0B-A45A-D22CFE5821F8}"
EndProject
Project("{FAE04EC0-301F-11D3-BF4B-00C04F79EFBC}") = "VADG.Global", "VADG.Global\VADG.Global.csproj", "{C84F6C25-FB9F-4682-8180-02AD908230AA}"
EndProject
Project("{FAE04EC0-301F-11D3-BF4B-00C04F79EFBC}") = "VADG.GrammarGenerator", "VADG.GrammarGenerator\VADG.GrammarGenerator.csproj", "{4707DE97-34C3-45C2-BA67-62A2616A30AA}"
EndProject
Global
	GlobalSection(SolutionConfigurationPlatforms) = preSolution
		32bit|Any CPU = 32bit|Any CPU
		32bit|x64 = 32bit|x64
		32bit|x86 = 32bit|x86
		Debug|Any CPU = Debug|Any CPU
		Debug|x64 = Debug|x64
		Debug|x86 = Debug|x86
		Release|Any CPU = Release|Any CPU
		Release|x64 = Release|x64
		Release|x86 = Release|x86
	EndGlobalSection
	GlobalSection(ProjectConfigurationPlatforms) = postSolution
		{D43ED274-182A-4F05-957D-5129D4F5E2FA}.32bit|Any CPU.ActiveCfg = 32bit|Any CPU
		{D43ED274-182A-4F05-957D-5129D4F5E2FA}.32bit|Any CPU.Build.0 = 32bit|Any CPU
		{D43ED274-182A-4F05-957D-5129D4F5E2FA}.32bit|x64.ActiveCfg = 32bit|x86
		{D43ED274-182A-4F05-957D-5129D4F5E2FA}.32bit|x64.Build.0 = 32bit|x86
		{D43ED274-182A-4F05-957D-5129D4F5E2FA}.32bit|x86.ActiveCfg = 32bit|x86
		{D43ED274-182A-4F05-957D-5129D4F5E2FA}.32bit|x86.Build.0 = 32bit|x86
		{D43ED274-182A-4F05-957D-5129D4F5E2FA}.Debug|Any CPU.ActiveCfg = Debug|Any CPU
		{D43ED274-182A-4F05-957D-5129D4F5E2FA}.Debug|Any CPU.Build.0 = Debug|Any CPU
		{D43ED274-182A-4F05-957D-5129D4F5E2FA}.Debug|x64.ActiveCfg = Debug|x86
		{D43ED274-182A-4F05-957D-5129D4F5E2FA}.Debug|x86.ActiveCfg = Debug|x86
		{D43ED274-182A-4F05-957D-5129D4F5E2FA}.Debug|x86.Build.0 = Debug|x86
		{D43ED274-182A-4F05-957D-5129D4F5E2FA}.Release|Any CPU.ActiveCfg = Release|Any CPU
		{D43ED274-182A-4F05-957D-5129D4F5E2FA}.Release|Any CPU.Build.0 = Release|Any CPU
		{D43ED274-182A-4F05-957D-5129D4F5E2FA}.Release|x64.ActiveCfg = Release|x86
		{D43ED274-182A-4F05-957D-5129D4F5E2FA}.Release|x86.ActiveCfg = Release|x86
		{D43ED274-182A-4F05-957D-5129D4F5E2FA}.Release|x86.Build.0 = Release|x86
		{20DBC186-2A04-4D86-803A-AC7C35DB0B28}.32bit|Any CPU.ActiveCfg = 32bit|Any CPU
		{20DBC186-2A04-4D86-803A-AC7C35DB0B28}.32bit|Any CPU.Build.0 = 32bit|Any CPU
		{20DBC186-2A04-4D86-803A-AC7C35DB0B28}.32bit|x64.ActiveCfg = 32bit|x86
		{20DBC186-2A04-4D86-803A-AC7C35DB0B28}.32bit|x64.Build.0 = 32bit|x86
		{20DBC186-2A04-4D86-803A-AC7C35DB0B28}.32bit|x86.ActiveCfg = 32bit|Any CPU
		{20DBC186-2A04-4D86-803A-AC7C35DB0B28}.Debug|Any CPU.ActiveCfg = Debug|Any CPU
		{20DBC186-2A04-4D86-803A-AC7C35DB0B28}.Debug|Any CPU.Build.0 = Debug|Any CPU
		{20DBC186-2A04-4D86-803A-AC7C35DB0B28}.Debug|x64.ActiveCfg = Debug|x86
		{20DBC186-2A04-4D86-803A-AC7C35DB0B28}.Debug|x86.ActiveCfg = Debug|x86
		{20DBC186-2A04-4D86-803A-AC7C35DB0B28}.Debug|x86.Build.0 = Debug|x86
		{20DBC186-2A04-4D86-803A-AC7C35DB0B28}.Release|Any CPU.ActiveCfg = Release|Any CPU
		{20DBC186-2A04-4D86-803A-AC7C35DB0B28}.Release|Any CPU.Build.0 = Release|Any CPU
		{20DBC186-2A04-4D86-803A-AC7C35DB0B28}.Release|x64.ActiveCfg = Release|x86
		{20DBC186-2A04-4D86-803A-AC7C35DB0B28}.Release|x86.ActiveCfg = Release|x86
		{20DBC186-2A04-4D86-803A-AC7C35DB0B28}.Release|x86.Build.0 = Release|x86
		{296DB98E-5295-4DDB-BA38-9D9A501C9D41}.32bit|Any CPU.ActiveCfg = 32bit|Any CPU
		{296DB98E-5295-4DDB-BA38-9D9A501C9D41}.32bit|Any CPU.Build.0 = 32bit|Any CPU
		{296DB98E-5295-4DDB-BA38-9D9A501C9D41}.32bit|x64.ActiveCfg = 32bit|x86
		{296DB98E-5295-4DDB-BA38-9D9A501C9D41}.32bit|x64.Build.0 = 32bit|x86
		{296DB98E-5295-4DDB-BA38-9D9A501C9D41}.32bit|x86.ActiveCfg = 32bit|Any CPU
		{296DB98E-5295-4DDB-BA38-9D9A501C9D41}.Debug|Any CPU.ActiveCfg = Debug|Any CPU
		{296DB98E-5295-4DDB-BA38-9D9A501C9D41}.Debug|Any CPU.Build.0 = Debug|Any CPU
		{296DB98E-5295-4DDB-BA38-9D9A501C9D41}.Debug|x64.ActiveCfg = Debug|x86
		{296DB98E-5295-4DDB-BA38-9D9A501C9D41}.Debug|x86.ActiveCfg = Debug|x86
		{296DB98E-5295-4DDB-BA38-9D9A501C9D41}.Debug|x86.Build.0 = Debug|x86
		{296DB98E-5295-4DDB-BA38-9D9A501C9D41}.Release|Any CPU.ActiveCfg = Release|Any CPU
		{296DB98E-5295-4DDB-BA38-9D9A501C9D41}.Release|Any CPU.Build.0 = Release|Any CPU
		{296DB98E-5295-4DDB-BA38-9D9A501C9D41}.Release|x64.ActiveCfg = Release|x86
		{296DB98E-5295-4DDB-BA38-9D9A501C9D41}.Release|x86.ActiveCfg = Release|x86
		{296DB98E-5295-4DDB-BA38-9D9A501C9D41}.Release|x86.Build.0 = Release|x86
		{D12D35D9-85C1-4590-A259-50B3D427EEEB}.32bit|Any CPU.ActiveCfg = 32bit|Any CPU
		{D12D35D9-85C1-4590-A259-50B3D427EEEB}.32bit|Any CPU.Build.0 = 32bit|Any CPU
		{D12D35D9-85C1-4590-A259-50B3D427EEEB}.32bit|x64.ActiveCfg = 32bit|x86
		{D12D35D9-85C1-4590-A259-50B3D427EEEB}.32bit|x64.Build.0 = 32bit|x86
		{D12D35D9-85C1-4590-A259-50B3D427EEEB}.32bit|x86.ActiveCfg = 32bit|Any CPU
		{D12D35D9-85C1-4590-A259-50B3D427EEEB}.Debug|Any CPU.ActiveCfg = Debug|Any CPU
		{D12D35D9-85C1-4590-A259-50B3D427EEEB}.Debug|Any CPU.Build.0 = Debug|Any CPU
		{D12D35D9-85C1-4590-A259-50B3D427EEEB}.Debug|x64.ActiveCfg = Debug|x86
		{D12D35D9-85C1-4590-A259-50B3D427EEEB}.Debug|x86.ActiveCfg = Debug|x86
		{D12D35D9-85C1-4590-A259-50B3D427EEEB}.Debug|x86.Build.0 = Debug|x86
		{D12D35D9-85C1-4590-A259-50B3D427EEEB}.Release|Any CPU.ActiveCfg = Release|Any CPU
		{D12D35D9-85C1-4590-A259-50B3D427EEEB}.Release|Any CPU.Build.0 = Release|Any CPU
		{D12D35D9-85C1-4590-A259-50B3D427EEEB}.Release|x64.ActiveCfg = Release|x86
		{D12D35D9-85C1-4590-A259-50B3D427EEEB}.Release|x86.ActiveCfg = Release|x86
		{D12D35D9-85C1-4590-A259-50B3D427EEEB}.Release|x86.Build.0 = Release|x86
		{DE3997DF-7339-4533-939D-6E4375A2BA6A}.32bit|Any CPU.ActiveCfg = 32bit|Any CPU
		{DE3997DF-7339-4533-939D-6E4375A2BA6A}.32bit|Any CPU.Build.0 = 32bit|Any CPU
		{DE3997DF-7339-4533-939D-6E4375A2BA6A}.32bit|x64.ActiveCfg = 32bit|x86
		{DE3997DF-7339-4533-939D-6E4375A2BA6A}.32bit|x64.Build.0 = 32bit|x86
		{DE3997DF-7339-4533-939D-6E4375A2BA6A}.32bit|x86.ActiveCfg = 32bit|Any CPU
		{DE3997DF-7339-4533-939D-6E4375A2BA6A}.Debug|Any CPU.ActiveCfg = Debug|Any CPU
		{DE3997DF-7339-4533-939D-6E4375A2BA6A}.Debug|Any CPU.Build.0 = Debug|Any CPU
		{DE3997DF-7339-4533-939D-6E4375A2BA6A}.Debug|x64.ActiveCfg = Debug|Any CPU
		{DE3997DF-7339-4533-939D-6E4375A2BA6A}.Debug|x86.ActiveCfg = Debug|Any CPU
		{DE3997DF-7339-4533-939D-6E4375A2BA6A}.Release|Any CPU.ActiveCfg = Release|Any CPU
		{DE3997DF-7339-4533-939D-6E4375A2BA6A}.Release|Any CPU.Build.0 = Release|Any CPU
		{DE3997DF-7339-4533-939D-6E4375A2BA6A}.Release|x64.ActiveCfg = Release|Any CPU
		{DE3997DF-7339-4533-939D-6E4375A2BA6A}.Release|x86.ActiveCfg = Release|x86
		{DE3997DF-7339-4533-939D-6E4375A2BA6A}.Release|x86.Build.0 = Release|x86
		{1AFFC834-7587-46B6-A95E-2C5678A0DDF8}.32bit|Any CPU.ActiveCfg = 32bit|Any CPU
		{1AFFC834-7587-46B6-A95E-2C5678A0DDF8}.32bit|Any CPU.Build.0 = 32bit|Any CPU
		{1AFFC834-7587-46B6-A95E-2C5678A0DDF8}.32bit|x64.ActiveCfg = 32bit|x86
		{1AFFC834-7587-46B6-A95E-2C5678A0DDF8}.32bit|x64.Build.0 = 32bit|x86
		{1AFFC834-7587-46B6-A95E-2C5678A0DDF8}.32bit|x86.ActiveCfg = 32bit|Any CPU
		{1AFFC834-7587-46B6-A95E-2C5678A0DDF8}.Debug|Any CPU.ActiveCfg = Debug|Any CPU
		{1AFFC834-7587-46B6-A95E-2C5678A0DDF8}.Debug|Any CPU.Build.0 = Debug|Any CPU
		{1AFFC834-7587-46B6-A95E-2C5678A0DDF8}.Debug|x64.ActiveCfg = Debug|x86
		{1AFFC834-7587-46B6-A95E-2C5678A0DDF8}.Debug|x86.ActiveCfg = Debug|x86
		{1AFFC834-7587-46B6-A95E-2C5678A0DDF8}.Debug|x86.Build.0 = Debug|x86
		{1AFFC834-7587-46B6-A95E-2C5678A0DDF8}.Release|Any CPU.ActiveCfg = Release|Any CPU
		{1AFFC834-7587-46B6-A95E-2C5678A0DDF8}.Release|Any CPU.Build.0 = Release|Any CPU
		{1AFFC834-7587-46B6-A95E-2C5678A0DDF8}.Release|x64.ActiveCfg = Release|x86
		{1AFFC834-7587-46B6-A95E-2C5678A0DDF8}.Release|x86.ActiveCfg = Release|x86
		{1AFFC834-7587-46B6-A95E-2C5678A0DDF8}.Release|x86.Build.0 = Release|x86
		{79BA3DC5-298D-487E-A2BC-704177366AC8}.32bit|Any CPU.ActiveCfg = Release|Any CPU
		{79BA3DC5-298D-487E-A2BC-704177366AC8}.32bit|Any CPU.Build.0 = Release|Any CPU
		{79BA3DC5-298D-487E-A2BC-704177366AC8}.32bit|x64.ActiveCfg = Release|Any CPU
		{79BA3DC5-298D-487E-A2BC-704177366AC8}.32bit|x86.ActiveCfg = Release|Any CPU
		{79BA3DC5-298D-487E-A2BC-704177366AC8}.Debug|Any CPU.ActiveCfg = Debug|Any CPU
		{79BA3DC5-298D-487E-A2BC-704177366AC8}.Debug|Any CPU.Build.0 = Debug|Any CPU
		{79BA3DC5-298D-487E-A2BC-704177366AC8}.Debug|x64.ActiveCfg = Debug|Any CPU
		{79BA3DC5-298D-487E-A2BC-704177366AC8}.Debug|x86.ActiveCfg = Debug|Any CPU
		{79BA3DC5-298D-487E-A2BC-704177366AC8}.Release|Any CPU.ActiveCfg = Release|Any CPU
		{79BA3DC5-298D-487E-A2BC-704177366AC8}.Release|Any CPU.Build.0 = Release|Any CPU
		{79BA3DC5-298D-487E-A2BC-704177366AC8}.Release|x64.ActiveCfg = Release|Any CPU
		{79BA3DC5-298D-487E-A2BC-704177366AC8}.Release|x86.ActiveCfg = Release|Any CPU
		{4B2A5E71-7B34-41A5-A4CB-F295D042EB5E}.32bit|Any CPU.ActiveCfg = Release|Any CPU
		{4B2A5E71-7B34-41A5-A4CB-F295D042EB5E}.32bit|Any CPU.Build.0 = Release|Any CPU
		{4B2A5E71-7B34-41A5-A4CB-F295D042EB5E}.32bit|x64.ActiveCfg = Release|Any CPU
		{4B2A5E71-7B34-41A5-A4CB-F295D042EB5E}.32bit|x86.ActiveCfg = Release|Any CPU
		{4B2A5E71-7B34-41A5-A4CB-F295D042EB5E}.Debug|Any CPU.ActiveCfg = Debug|Any CPU
		{4B2A5E71-7B34-41A5-A4CB-F295D042EB5E}.Debug|Any CPU.Build.0 = Debug|Any CPU
		{4B2A5E71-7B34-41A5-A4CB-F295D042EB5E}.Debug|x64.ActiveCfg = Debug|Any CPU
		{4B2A5E71-7B34-41A5-A4CB-F295D042EB5E}.Debug|x86.ActiveCfg = Debug|Any CPU
		{4B2A5E71-7B34-41A5-A4CB-F295D042EB5E}.Release|Any CPU.ActiveCfg = Release|Any CPU
		{4B2A5E71-7B34-41A5-A4CB-F295D042EB5E}.Release|Any CPU.Build.0 = Release|Any CPU
		{4B2A5E71-7B34-41A5-A4CB-F295D042EB5E}.Release|x64.ActiveCfg = Release|Any CPU
		{4B2A5E71-7B34-41A5-A4CB-F295D042EB5E}.Release|x86.ActiveCfg = Release|Any CPU
		{C06432C4-63F4-4AF7-B684-3EBA53DACDDF}.32bit|Any CPU.ActiveCfg = Release|Any CPU
		{C06432C4-63F4-4AF7-B684-3EBA53DACDDF}.32bit|Any CPU.Build.0 = Release|Any CPU
		{C06432C4-63F4-4AF7-B684-3EBA53DACDDF}.32bit|x64.ActiveCfg = Release|Any CPU
		{C06432C4-63F4-4AF7-B684-3EBA53DACDDF}.32bit|x86.ActiveCfg = Release|Any CPU
		{C06432C4-63F4-4AF7-B684-3EBA53DACDDF}.Debug|Any CPU.ActiveCfg = Debug|Any CPU
		{C06432C4-63F4-4AF7-B684-3EBA53DACDDF}.Debug|Any CPU.Build.0 = Debug|Any CPU
		{C06432C4-63F4-4AF7-B684-3EBA53DACDDF}.Debug|x64.ActiveCfg = Debug|Any CPU
		{C06432C4-63F4-4AF7-B684-3EBA53DACDDF}.Debug|x86.ActiveCfg = Debug|Any CPU
		{C06432C4-63F4-4AF7-B684-3EBA53DACDDF}.Release|Any CPU.ActiveCfg = Release|Any CPU
		{C06432C4-63F4-4AF7-B684-3EBA53DACDDF}.Release|Any CPU.Build.0 = Release|Any CPU
		{C06432C4-63F4-4AF7-B684-3EBA53DACDDF}.Release|x64.ActiveCfg = Release|Any CPU
		{C06432C4-63F4-4AF7-B684-3EBA53DACDDF}.Release|x86.ActiveCfg = Release|Any CPU
		{4538B4EA-68DB-4E0B-A45A-D22CFE5821F8}.32bit|Any CPU.ActiveCfg = Release|Any CPU
		{4538B4EA-68DB-4E0B-A45A-D22CFE5821F8}.32bit|Any CPU.Build.0 = Release|Any CPU
		{4538B4EA-68DB-4E0B-A45A-D22CFE5821F8}.32bit|x64.ActiveCfg = Release|Any CPU
		{4538B4EA-68DB-4E0B-A45A-D22CFE5821F8}.32bit|x86.ActiveCfg = Release|Any CPU
		{4538B4EA-68DB-4E0B-A45A-D22CFE5821F8}.Debug|Any CPU.ActiveCfg = Debug|Any CPU
		{4538B4EA-68DB-4E0B-A45A-D22CFE5821F8}.Debug|Any CPU.Build.0 = Debug|Any CPU
		{4538B4EA-68DB-4E0B-A45A-D22CFE5821F8}.Debug|x64.ActiveCfg = Debug|Any CPU
		{4538B4EA-68DB-4E0B-A45A-D22CFE5821F8}.Debug|x86.ActiveCfg = Debug|Any CPU
		{4538B4EA-68DB-4E0B-A45A-D22CFE5821F8}.Release|Any CPU.ActiveCfg = Release|Any CPU
		{4538B4EA-68DB-4E0B-A45A-D22CFE5821F8}.Release|Any CPU.Build.0 = Release|Any CPU
		{4538B4EA-68DB-4E0B-A45A-D22CFE5821F8}.Release|x64.ActiveCfg = Release|Any CPU
		{4538B4EA-68DB-4E0B-A45A-D22CFE5821F8}.Release|x86.ActiveCfg = Release|Any CPU
		{C84F6C25-FB9F-4682-8180-02AD908230AA}.32bit|Any CPU.ActiveCfg = Release|Any CPU
		{C84F6C25-FB9F-4682-8180-02AD908230AA}.32bit|Any CPU.Build.0 = Release|Any CPU
		{C84F6C25-FB9F-4682-8180-02AD908230AA}.32bit|x64.ActiveCfg = Release|Any CPU
		{C84F6C25-FB9F-4682-8180-02AD908230AA}.32bit|x86.ActiveCfg = Release|Any CPU
		{C84F6C25-FB9F-4682-8180-02AD908230AA}.Debug|Any CPU.ActiveCfg = Debug|Any CPU
		{C84F6C25-FB9F-4682-8180-02AD908230AA}.Debug|Any CPU.Build.0 = Debug|Any CPU
		{C84F6C25-FB9F-4682-8180-02AD908230AA}.Debug|x64.ActiveCfg = Debug|Any CPU
		{C84F6C25-FB9F-4682-8180-02AD908230AA}.Debug|x86.ActiveCfg = Debug|Any CPU
		{C84F6C25-FB9F-4682-8180-02AD908230AA}.Release|Any CPU.ActiveCfg = Release|Any CPU
		{C84F6C25-FB9F-4682-8180-02AD908230AA}.Release|Any CPU.Build.0 = Release|Any CPU
		{C84F6C25-FB9F-4682-8180-02AD908230AA}.Release|x64.ActiveCfg = Release|Any CPU
		{C84F6C25-FB9F-4682-8180-02AD908230AA}.Release|x86.ActiveCfg = Release|Any CPU
		{4707DE97-34C3-45C2-BA67-62A2616A30AA}.32bit|Any CPU.ActiveCfg = Release|Any CPU
		{4707DE97-34C3-45C2-BA67-62A2616A30AA}.32bit|Any CPU.Build.0 = Release|Any CPU
		{4707DE97-34C3-45C2-BA67-62A2616A30AA}.32bit|x64.ActiveCfg = Release|Any CPU
		{4707DE97-34C3-45C2-BA67-62A2616A30AA}.32bit|x86.ActiveCfg = Release|Any CPU
		{4707DE97-34C3-45C2-BA67-62A2616A30AA}.Debug|Any CPU.ActiveCfg = Debug|Any CPU
		{4707DE97-34C3-45C2-BA67-62A2616A30AA}.Debug|Any CPU.Build.0 = Debug|Any CPU
		{4707DE97-34C3-45C2-BA67-62A2616A30AA}.Debug|x64.ActiveCfg = Debug|Any CPU
		{4707DE97-34C3-45C2-BA67-62A2616A30AA}.Debug|x86.ActiveCfg = Debug|Any CPU
		{4707DE97-34C3-45C2-BA67-62A2616A30AA}.Release|Any CPU.ActiveCfg = Release|Any CPU
		{4707DE97-34C3-45C2-BA67-62A2616A30AA}.Release|Any CPU.Build.0 = Release|Any CPU
		{4707DE97-34C3-45C2-BA67-62A2616A30AA}.Release|x64.ActiveCfg = Release|Any CPU
		{4707DE97-34C3-45C2-BA67-62A2616A30AA}.Release|x86.ActiveCfg = Release|Any CPU
	EndGlobalSection
	GlobalSection(SolutionProperties) = preSolution
		HideSolutionNode = FALSE
	EndGlobalSection
EndGlobal
